hash: 4f089af88aa706836b4e442e698d88a9a8d025226abd0cf5d599d14b250168ec
updated: 2016-01-12T23:30:19.509217952-06:00
imports:
- name: github.com/olebedev/config
  version: e3edea7d68b76222b5118cc2e1cf3825e30abb80
- name: github.com/Sirupsen/logrus
  version: 446d1c146faa8ed3f4218f056fcd165f6bcfda81
  subpackages:
  - hooks/syslog
- name: gopkg.in/airbrake/gobrake.v2
  version: c9d51adc624b5cc4c1bf8de730a09af4878ffe2d
- name: gopkg.in/gemnasium/logrus-airbrake-hook.v2
  version: 31e6fd4bd5a98d8ee7673d24bc54ec73c31810dd
- name: gopkg.in/yaml.v2
  version: f7716cbe52baa25d2e9b0d0da546fcf909fc16b4
devImports: []
